
Microsoft Visual Studio Solution File, Format Version 12.00
# Visual Studio 16
Project("{FAE04EC0-301F-11D3-BF4B-00C04F79EFBC}") = "Assembly-CSharp", "Assembly-CSharp.csproj", "{F38DBF1E-0BD8-C0C0-D9D2-5880B54656CF}"
EndProject
Project("{FAE04EC0-301F-11D3-BF4B-00C04F79EFBC}") = "Assembly-CSharp-Editor", "Assembly-CSharp-Editor.csproj", "{43AEA254-9629-A1A8-3A02-82E4C767C600}"
EndProject
Global
	GlobalSection(SolutionConfigurationPlatforms) = preSolution
		Debug|Any CPU = Debug|Any CPU
		Release|Any CPU = Release|Any CPU
	EndGlobalSection
	GlobalSection(ProjectConfigurationPlatforms) = postSolution
		{F38DBF1E-0BD8-C0C0-D9D2-5880B54656CF}.Debug|Any CPU.ActiveCfg = Debug|Any CPU
		{F38DBF1E-0BD8-C0C0-D9D2-5880B54656CF}.Debug|Any CPU.Build.0 = Debug|Any CPU
		{F38DBF1E-0BD8-C0C0-D9D2-5880B54656CF}.Release|Any CPU.ActiveCfg = Release|Any CPU
		{F38DBF1E-0BD8-C0C0-D9D2-5880B54656CF}.Release|Any CPU.Build.0 = Release|Any CPU
		{43AEA254-9629-A1A8-3A02-82E4C767C600}.Debug|Any CPU.ActiveCfg = Debug|Any CPU
		{43AEA254-9629-A1A8-3A02-82E4C767C600}.Debug|Any CPU.Build.0 = Debug|Any CPU
		{43AEA254-9629-A1A8-3A02-82E4C767C600}.Release|Any CPU.ActiveCfg = Release|Any CPU
		{43AEA254-9629-A1A8-3A02-82E4C767C600}.Release|Any CPU.Build.0 = Release|Any CPU
	EndGlobalSection
	GlobalSection(SolutionProperties) = preSolution
		HideSolutionNode = FALSE
	EndGlobalSection
EndGlobal
